
Microsoft Visual Studio Solution File, Format Version 12.00
# Visual Studio 2013
VisualStudioVersion = 12.0.40629.0
MinimumVisualStudioVersion = 10.0.40219.1
Project("{FAE04EC0-301F-11D3-BF4B-00C04F79EFBC}") = "Simulator-CSharp", "Simulator-CSharp\Simulator-CSharp.csproj", "{7438F19C-9417-4DE3-900C-427A234151E1}"
EndProject
Project("{F184B08F-C81C-45F6-A57F-5ABD9991F28F}") = "Simulator-VB", "Simulator-VB\Simulator-VB.vbproj", "{2961EE28-DDAF-44AE-8989-B1C247005E23}"
EndProject
Project("{2150E333-8FDC-42A3-9474-1A3956D46DE8}") = "Simulator-Shared", "Simulator-Shared", "{132A5238-BC7D-4D66-AC2D-9860836C96BE}"
	ProjectSection(SolutionItems) = preProject
		Simulator-Shared\app.config = Simulator-Shared\app.config
		LICENSE = LICENSE
		Simulator-Shared\microchip.ico = Simulator-Shared\microchip.ico
		README.md = README.md
	EndProjectSection
EndProject
Project("{2150E333-8FDC-42A3-9474-1A3956D46DE8}") = "Resources", "Resources", "{A7091809-2C28-46DF-B9A1-2A87B0EE4AB8}"
	ProjectSection(SolutionItems) = preProject
		Simulator-Shared\Resources\CCLicense.png = Simulator-Shared\Resources\CCLicense.png
		Simulator-Shared\Resources\Chip.png = Simulator-Shared\Resources\Chip.png
		Simulator-Shared\Resources\Cirrus0.png = Simulator-Shared\Resources\Cirrus0.png
		Simulator-Shared\Resources\Cirrus90.png = Simulator-Shared\Resources\Cirrus90.png
		Simulator-Shared\Resources\Maestro0.png = Simulator-Shared\Resources\Maestro0.png
		Simulator-Shared\Resources\Maestro90.png = Simulator-Shared\Resources\Maestro90.png
		Simulator-Shared\Resources\Receipt.txt = Simulator-Shared\Resources\Receipt.txt
	EndProjectSection
EndProject
Project("{2150E333-8FDC-42A3-9474-1A3956D46DE8}") = ".nuget", ".nuget", "{1ACBBC57-5B77-41F8-AA9E-1C4A4B7EA626}"
	ProjectSection(SolutionItems) = preProject
		.nuget\NuGet.Config = .nuget\NuGet.Config
		.nuget\NuGet.exe = .nuget\NuGet.exe
		.nuget\NuGet.targets = .nuget\NuGet.targets
	EndProjectSection
EndProject
Global
	GlobalSection(SolutionConfigurationPlatforms) = preSolution
		Debug|Any CPU = Debug|Any CPU
		Release|Any CPU = Release|Any CPU
	EndGlobalSection
	GlobalSection(ProjectConfigurationPlatforms) = postSolution
		{7438F19C-9417-4DE3-900C-427A234151E1}.Debug|Any CPU.ActiveCfg = Debug|Any CPU
		{7438F19C-9417-4DE3-900C-427A234151E1}.Debug|Any CPU.Build.0 = Debug|Any CPU
		{7438F19C-9417-4DE3-900C-427A234151E1}.Release|Any CPU.ActiveCfg = Release|Any CPU
		{7438F19C-9417-4DE3-900C-427A234151E1}.Release|Any CPU.Build.0 = Release|Any CPU
		{2961EE28-DDAF-44AE-8989-B1C247005E23}.Debug|Any CPU.ActiveCfg = Debug|Any CPU
		{2961EE28-DDAF-44AE-8989-B1C247005E23}.Debug|Any CPU.Build.0 = Debug|Any CPU
		{2961EE28-DDAF-44AE-8989-B1C247005E23}.Release|Any CPU.ActiveCfg = Release|Any CPU
		{2961EE28-DDAF-44AE-8989-B1C247005E23}.Release|Any CPU.Build.0 = Release|Any CPU
	EndGlobalSection
	GlobalSection(SolutionProperties) = preSolution
		HideSolutionNode = FALSE
	EndGlobalSection
	GlobalSection(NestedProjects) = preSolution
		{A7091809-2C28-46DF-B9A1-2A87B0EE4AB8} = {132A5238-BC7D-4D66-AC2D-9860836C96BE}
	EndGlobalSection
EndGlobal
